Microsoft Visual Studio Solution File, Format Version 12.00
# Visual Studio Version 17
VisualStudioVersion = 17.0.31903.59
MinimumVisualStudioVersion = 10.0.40219.1
Project("{FAE04EC0-301F-11D3-BF4B-00C04F79EFBC}") = "GISPlan.Core", "src\GISPlan.Core\GISPlan.Core.csproj", "{0B7E4B47-64DE-4B7F-8B19-6FE2D298A180}"
EndProject
Project("{FAE04EC0-301F-11D3-BF4B-00C04F79EFBC}") = "GISPlan.Desktop", "src\GISPlan.Desktop\GISPlan.Desktop.csproj", "{CC4C92F0-B9C0-4B32-A311-5D321EB2E681}"
EndProject
Project("{FAE04EC0-301F-11D3-BF4B-00C04F79EFBC}") = "GISPlan.SmokeTests", "tests\GISPlan.SmokeTests\GISPlan.SmokeTests.csproj", "{727786BF-20CB-4D0B-81A9-0A1A301DD839}"
EndProject
Global
	GlobalSection(SolutionConfigurationPlatforms) = preSolution
		Debug|Any CPU = Debug|Any CPU
		Release|Any CPU = Release|Any CPU
	EndGlobalSection
	GlobalSection(ProjectConfigurationPlatforms) = postSolution
		{0B7E4B47-64DE-4B7F-8B19-6FE2D298A180}.Debug|Any CPU.ActiveCfg = Debug|Any CPU
		{0B7E4B47-64DE-4B7F-8B19-6FE2D298A180}.Debug|Any CPU.Build.0 = Debug|Any CPU
		{0B7E4B47-64DE-4B7F-8B19-6FE2D298A180}.Release|Any CPU.ActiveCfg = Release|Any CPU
		{0B7E4B47-64DE-4B7F-8B19-6FE2D298A180}.Release|Any CPU.Build.0 = Release|Any CPU
		{CC4C92F0-B9C0-4B32-A311-5D321EB2E681}.Debug|Any CPU.ActiveCfg = Debug|Any CPU
		{CC4C92F0-B9C0-4B32-A311-5D321EB2E681}.Debug|Any CPU.Build.0 = Debug|Any CPU
		{CC4C92F0-B9C0-4B32-A311-5D321EB2E681}.Release|Any CPU.ActiveCfg = Release|Any CPU
		{CC4C92F0-B9C0-4B32-A311-5D321EB2E681}.Release|Any CPU.Build.0 = Release|Any CPU
		{727786BF-20CB-4D0B-81A9-0A1A301DD839}.Debug|Any CPU.ActiveCfg = Debug|Any CPU
		{727786BF-20CB-4D0B-81A9-0A1A301DD839}.Debug|Any CPU.Build.0 = Debug|Any CPU
		{727786BF-20CB-4D0B-81A9-0A1A301DD839}.Release|Any CPU.ActiveCfg = Release|Any CPU
		{727786BF-20CB-4D0B-81A9-0A1A301DD839}.Release|Any CPU.Build.0 = Release|Any CPU
	EndGlobalSection
	GlobalSection(SolutionProperties) = preSolution
		HideSolutionNode = FALSE
	EndGlobalSection
EndGlobal
